// !$*UTF8*$!
{
	archiveVersion = 1;
	classes = {
	};
	objectVersion = 46;
	objects = {

/* Begin PBXBuildFile section */
		DB7CAD6B17C3CCCF00E00623 /* UIKit.framework in Frameworks */ = {isa = PBXBuildFile; fileRef = DB7CAD6A17C3CCCF00E00623 /* UIKit.framework */; };
		DB7CAD6D17C3CCCF00E00623 /* Foundation.framework in Frameworks */ = {isa = PBXBuildFile; fileRef = DB7CAD6C17C3CCCF00E00623 /* Foundation.framework */; };
		DB7CAD6F17C3CCCF00E00623 /* CoreGraphics.framework in Frameworks */ = {isa = PBXBuildFile; fileRef = DB7CAD6E17C3CCCF00E00623 /* CoreGraphics.framework */; };
		DB7CAD7517C3CCCF00E00623 /* InfoPlist.strings in Resources */ = {isa = PBXBuildFile; fileRef = DB7CAD7317C3CCCF00E00623 /* InfoPlist.strings */; };
		DB7CAD7717C3CCCF00E00623 /* main.m in Sources */ = {isa = PBXBuildFile; fileRef = DB7CAD7617C3CCCF00E00623 /* main.m */; };
		DB7CAD7B17C3CCCF00E00623 /* TJLAppDelegate.m in Sources */ = {isa = PBXBuildFile; fileRef = DB7CAD7A17C3CCCF00E00623 /* TJLAppDelegate.m */; };
		DB7CAD7D17C3CCCF00E00623 /* Default.png in Resources */ = {isa = PBXBuildFile; fileRef = DB7CAD7C17C3CCCF00E00623 /* Default.png */; };
		DB7CAD7F17C3CCCF00E00623 /* Default@2x.png in Resources */ = {isa = PBXBuildFile; fileRef = DB7CAD7E17C3CCCF00E00623 /* Default@2x.png */; };
		DB7CAD8117C3CCCF00E00623 /* Default-568h@2x.png in Resources */ = {isa = PBXBuildFile; fileRef = DB7CAD8017C3CCCF00E00623 /* Default-568h@2x.png */; };
		DB7CAD8417C3CCCF00E00623 /* MainStoryboard.storyboard in Resources */ = {isa = PBXBuildFile; fileRef = DB7CAD8217C3CCCF00E00623 /* MainStoryboard.storyboard */; };
		DB7CAD8717C3CCCF00E00623 /* TJLViewController.m in Sources */ = {isa = PBXBuildFile; fileRef = DB7CAD8617C3CCCF00E00623 /* TJLViewController.m */; };
		DB7CAD9117C3CCED00E00623 /* Redx.png in Resources */ = {isa = PBXBuildFile; fileRef = DB7CAD8D17C3CCED00E00623 /* Redx.png */; };
		DB7CAD9217C3CCED00E00623 /* Redx@2x.png in Resources */ = {isa = PBXBuildFile; fileRef = DB7CAD8E17C3CCED00E00623 /* Redx@2x.png */; };
		DB7CAD9317C3CCED00E00623 /* TJLButtonView.m in Sources */ = {isa = PBXBuildFile; fileRef = DB7CAD9017C3CCED00E00623 /* TJLButtonView.m */; };
		DB7CAD9717C3CEE200E00623 /* QuartzCore.framework in Frameworks */ = {isa = PBXBuildFile; fileRef = DB7CAD9617C3CEE200E00623 /* QuartzCore.framework */; };
/* End PBXBuildFile section */

/* Begin PBXFileReference section */
		DB7CAD6717C3CCCF00E00623 /* TJLButtonView.app */ = {isa = PBXFileReference; explicitFileType = wrapper.application; includeInIndex = 0; path = TJLButtonView.app; sourceTree = BUILT_PRODUCTS_DIR; };
		DB7CAD6A17C3CCCF00E00623 /* UIKit.framework */ = {isa = PBXFileReference; lastKnownFileType = wrapper.framework; name = UIKit.framework; path = System/Library/Frameworks/UIKit.framework; sourceTree = SDKROOT; };
		DB7CAD6C17C3CCCF00E00623 /* Foundation.framework */ = {isa = PBXFileReference; lastKnownFileType = wrapper.framework; name = Foundation.framework; path = System/Library/Frameworks/Foundation.framework; sourceTree = SDKROOT; };
		DB7CAD6E17C3CCCF00E00623 /* CoreGraphics.framework */ = {isa = PBXFileReference; lastKnownFileType = wrapper.framework; name = CoreGraphics.framework; path = System/Library/Frameworks/CoreGraphics.framework; sourceTree = SDKROOT; };
		DB7CAD7217C3CCCF00E00623 /* TJLButtonView-Info.plist */ = {isa = PBXFileReference; lastKnownFileType = text.plist.xml; path = "TJLButtonView-Info.plist"; sourceTree = "<group>"; };
		DB7CAD7417C3CCCF00E00623 /* en */ = {isa = PBXFileReference; lastKnownFileType = text.plist.strings; name = en; path = en.lproj/InfoPlist.strings; sourceTree = "<group>"; };
		DB7CAD7617C3CCCF00E00623 /* main.m */ = {isa = PBXFileReference; lastKnownFileType = sourcecode.c.objc; path = main.m; sourceTree = "<group>"; };
		DB7CAD7817C3CCCF00E00623 /* TJLButtonView-Prefix.pch */ = {isa = PBXFileReference; lastKnownFileType = sourcecode.c.h; path = "TJLButtonView-Prefix.pch"; sourceTree = "<group>"; };
		DB7CAD7917C3CCCF00E00623 /* TJLAppDelegate.h */ = {isa = PBXFileReference; lastKnownFileType = sourcecode.c.h; path = TJLAppDelegate.h; sourceTree = "<group>"; };
		DB7CAD7A17C3CCCF00E00623 /* TJLAppDelegate.m */ = {isa = PBXFileReference; lastKnownFileType = sourcecode.c.objc; path = TJLAppDelegate.m; sourceTree = "<group>"; };
		DB7CAD7C17C3CCCF00E00623 /* Default.png */ = {isa = PBXFileReference; lastKnownFileType = image.png; path = Default.png; sourceTree = "<group>"; };
		DB7CAD7E17C3CCCF00E00623 /* Default@2x.png */ = {isa = PBXFileReference; lastKnownFileType = image.png; path = "Default@2x.png"; sourceTree = "<group>"; };
		DB7CAD8017C3CCCF00E00623 /* Default-568h@2x.png */ = {isa = PBXFileReference; lastKnownFileType = image.png; path = "Default-568h@2x.png"; sourceTree = "<group>"; };
		DB7CAD8317C3CCCF00E00623 /* en */ = {isa = PBXFileReference; lastKnownFileType = file.storyboard; name = en; path = en.lproj/MainStoryboard.storyboard; sourceTree = "<group>"; };
		DB7CAD8517C3CCCF00E00623 /* TJLViewController.h */ = {isa = PBXFileReference; lastKnownFileType = sourcecode.c.h; path = TJLViewController.h; sourceTree = "<group>"; };
		DB7CAD8617C3CCCF00E00623 /* TJLViewController.m */ = {isa = PBXFileReference; lastKnownFileType = sourcecode.c.objc; path = TJLViewController.m; sourceTree = "<group>"; };
		DB7CAD8D17C3CCED00E00623 /* Redx.png */ = {isa = PBXFileReference; lastKnownFileType = image.png; name = Redx.png; path = TJLButtonView/Resources/Redx.png; sourceTree = "<group>"; };
		DB7CAD8E17C3CCED00E00623 /* Redx@2x.png */ = {isa = PBXFileReference; lastKnownFileType = image.png; name = "Redx@2x.png"; path = "TJLButtonView/Resources/Redx@2x.png"; sourceTree = "<group>"; };
		DB7CAD8F17C3CCED00E00623 /* TJLButtonView.h */ = {isa = PBXFileReference; fileEncoding = 4; lastKnownFileType = sourcecode.c.h; name = TJLButtonView.h; path = TJLButtonView/Source/TJLButtonView.h; sourceTree = "<group>"; };
		DB7CAD9017C3CCED00E00623 /* TJLButtonView.m */ = {isa = PBXFileReference; fileEncoding = 4; lastKnownFileType = sourcecode.c.objc; name = TJLButtonView.m; path = TJLButtonView/Source/TJLButtonView.m; sourceTree = "<group>"; };
		DB7CAD9617C3CEE200E00623 /* QuartzCore.framework */ = {isa = PBXFileReference; lastKnownFileType = wrapper.framework; name = QuartzCore.framework; path = System/Library/Frameworks/QuartzCore.framework; sourceTree = SDKROOT; };
/* End PBXFileReference section */

/* Begin PBXFrameworksBuildPhase section */
		DB7CAD6417C3CCCF00E00623 /* Frameworks */ = {
			isa = PBXFrameworksBuildPhase;
			buildActionMask = 2147483647;
			files = (
				DB7CAD9717C3CEE200E00623 /* QuartzCore.framework in Frameworks */,
				DB7CAD6B17C3CCCF00E00623 /* UIKit.framework in Frameworks */,
				DB7CAD6D17C3CCCF00E00623 /* Foundation.framework in Frameworks */,
				DB7CAD6F17C3CCCF00E00623 /* CoreGraphics.framework in Frameworks */,
			);
			runOnlyForDeploymentPostprocessing = 0;
		};
/* End PBXFrameworksBuildPhase section */

/* Begin PBXGroup section */
		DB7CAD5E17C3CCCF00E00623 = {
			isa = PBXGroup;
			children = (
				DB7CAD7017C3CCCF00E00623 /* TJLButtonView */,
				DB7CAD6917C3CCCF00E00623 /* Frameworks */,
				DB7CAD6817C3CCCF00E00623 /* Products */,
			);
			sourceTree = "<group>";
		};
		DB7CAD6817C3CCCF00E00623 /* Products */ = {
			isa = PBXGroup;
			children = (
				DB7CAD6717C3CCCF00E00623 /* TJLButtonView.app */,
			);
			name = Products;
			sourceTree = "<group>";
		};
		DB7CAD6917C3CCCF00E00623 /* Frameworks */ = {
			isa = PBXGroup;
			children = (
				DB7CAD9617C3CEE200E00623 /* QuartzCore.framework */,
				DB7CAD6A17C3CCCF00E00623 /* UIKit.framework */,
				DB7CAD6C17C3CCCF00E00623 /* Foundation.framework */,
				DB7CAD6E17C3CCCF00E00623 /* CoreGraphics.framework */,
			);
			name = Frameworks;
			sourceTree = "<group>";
		};
		DB7CAD7017C3CCCF00E00623 /* TJLButtonView */ = {
			isa = PBXGroup;
			children = (
				DB7CAD9517C3CDC100E00623 /* Resources */,
				DB7CAD9417C3CDB800E00623 /* Source */,
				DB7CAD7917C3CCCF00E00623 /* TJLAppDelegate.h */,
				DB7CAD7A17C3CCCF00E00623 /* TJLAppDelegate.m */,
				DB7CAD8217C3CCCF00E00623 /* MainStoryboard.storyboard */,
				DB7CAD8517C3CCCF00E00623 /* TJLViewController.h */,
				DB7CAD8617C3CCCF00E00623 /* TJLViewController.m */,
				DB7CAD7117C3CCCF00E00623 /* Supporting Files */,
			);
			path = TJLButtonView;
			sourceTree = "<group>";
		};
		DB7CAD7117C3CCCF00E00623 /* Supporting Files */ = {
			isa = PBXGroup;
			children = (
				DB7CAD7217C3CCCF00E00623 /* TJLButtonView-Info.plist */,
				DB7CAD7317C3CCCF00E00623 /* InfoPlist.strings */,
				DB7CAD7617C3CCCF00E00623 /* main.m */,
				DB7CAD7817C3CCCF00E00623 /* TJLButtonView-Prefix.pch */,
				DB7CAD7C17C3CCCF00E00623 /* Default.png */,
				DB7CAD7E17C3CCCF00E00623 /* Default@2x.png */,
				DB7CAD8017C3CCCF00E00623 /* Default-568h@2x.png */,
			);
			name = "Supporting Files";
			sourceTree = "<group>";
		};
		DB7CAD9417C3CDB800E00623 /* Source */ = {
			isa = PBXGroup;
			children = (
				DB7CAD8F17C3CCED00E00623 /* TJLButtonView.h */,
				DB7CAD9017C3CCED00E00623 /* TJLButtonView.m */,
			);
			name = Source;
			path = ..;
			sourceTree = "<group>";
		};
		DB7CAD9517C3CDC100E00623 /* Resources */ = {
			isa = PBXGroup;
			children = (
				DB7CAD8D17C3CCED00E00623 /* Redx.png */,
				DB7CAD8E17C3CCED00E00623 /* Redx@2x.png */,
			);
			name = Resources;
			path = ..;
			sourceTree = "<group>";
		};
/* End PBXGroup section */

/* Begin PBXNativeTarget section */
		DB7CAD6617C3CCCF00E00623 /* TJLButtonView */ = {
			isa = PBXNativeTarget;
			buildConfigurationList = DB7CAD8A17C3CCCF00E00623 /* Build configuration list for PBXNativeTarget "TJLButtonView" */;
			buildPhases = (
				DB7CAD6317C3CCCF00E00623 /* Sources */,
				DB7CAD6417C3CCCF00E00623 /* Frameworks */,
				DB7CAD6517C3CCCF00E00623 /* Resources */,
			);
			buildRules = (
			);
			dependencies = (
			);
			name = TJLButtonView;
			productName = TJLButtonView;
			productReference = DB7CAD6717C3CCCF00E00623 /* TJLButtonView.app */;
			productType = "com.apple.product-type.application";
		};
/* End PBXNativeTarget section */

/* Begin PBXProject section */
		DB7CAD5F17C3CCCF00E00623 /* Project object */ = {
			isa = PBXProject;
			attributes = {
				CLASSPREFIX = TJL;
				LastUpgradeCheck = 0460;
				ORGANIZATIONNAME = "Terry Lewis";
			};
			buildConfigurationList = DB7CAD6217C3CCCF00E00623 /* Build configuration list for PBXProject "TJLButtonView" */;
			compatibilityVersion = "Xcode 3.2";
			developmentRegion = English;
			hasScannedForEncodings = 0;
			knownRegions = (
				en,
			);
			mainGroup = DB7CAD5E17C3CCCF00E00623;
			productRefGroup = DB7CAD6817C3CCCF00E00623 /* Products */;
			projectDirPath = "";
			projectRoot = "";
			targets = (
				DB7CAD6617C3CCCF00E00623 /* TJLButtonView */,
			);
		};
/* End PBXProject section */

/* Begin PBXResourcesBuildPhase section */
		DB7CAD6517C3CCCF00E00623 /* Resources */ = {
			isa = PBXResourcesBuildPhase;
			buildActionMask = 2147483647;
			files = (
				DB7CAD7517C3CCCF00E00623 /* InfoPlist.strings in Resources */,
				DB7CAD7D17C3CCCF00E00623 /* Default.png in Resources */,
				DB7CAD7F17C3CCCF00E00623 /* Default@2x.png in Resources */,
				DB7CAD8117C3CCCF00E00623 /* Default-568h@2x.png in Resources */,
				DB7CAD8417C3CCCF00E00623 /* MainStoryboard.storyboard in Resources */,
				DB7CAD9117C3CCED00E00623 /* Redx.png in Resources */,
				DB7CAD9217C3CCED00E00623 /* Redx@2x.png in Resources */,
			);
			runOnlyForDeploymentPostprocessing = 0;
		};
/* End PBXResourcesBuildPhase section */

/* Begin PBXSourcesBuildPhase section */
		DB7CAD6317C3CCCF00E00623 /* Sources */ = {
			isa = PBXSourcesBuildPhase;
			buildActionMask = 2147483647;
			files = (
				DB7CAD7717C3CCCF00E00623 /* main.m in Sources */,
				DB7CAD7B17C3CCCF00E00623 /* TJLAppDelegate.m in Sources */,
				DB7CAD8717C3CCCF00E00623 /* TJLViewController.m in Sources */,
				DB7CAD9317C3CCED00E00623 /* TJLButtonView.m in Sources */,
			);
			runOnlyForDeploymentPostprocessing = 0;
		};
/* End PBXSourcesBuildPhase section */

/* Begin PBXVariantGroup section */
		DB7CAD7317C3CCCF00E00623 /* InfoPlist.strings */ = {
			isa = PBXVariantGroup;
			children = (
				DB7CAD7417C3CCCF00E00623 /* en */,
			);
			name = InfoPlist.strings;
			sourceTree = "<group>";
		};
		DB7CAD8217C3CCCF00E00623 /* MainStoryboard.storyboard */ = {
			isa = PBXVariantGroup;
			children = (
				DB7CAD8317C3CCCF00E00623 /* en */,
			);
			name = MainStoryboard.storyboard;
			sourceTree = "<group>";
		};
/* End PBXVariantGroup section */

/* Begin XCBuildConfiguration section */
		DB7CAD8817C3CCCF00E00623 /* Debug */ = {
			isa = XCBuildConfiguration;
			buildSettings = {
				ALWAYS_SEARCH_USER_PATHS = NO;
				CLANG_CXX_LANGUAGE_STANDARD = "gnu++0x";
				CLANG_CXX_LIBRARY = "libc++";
				CLANG_ENABLE_OBJC_ARC = YES;
				CLANG_WARN_CONSTANT_CONVERSION = YES;
				CLANG_WARN_EMPTY_BODY = YES;
				CLANG_WARN_ENUM_CONVERSION = YES;
				CLANG_WARN_INT_CONVERSION = YES;
				CLANG_WARN__DUPLICATE_METHOD_MATCH = YES;
				"CODE_SIGN_IDENTITY[sdk=iphoneos*]" = "iPhone Developer";
				COPY_PHASE_STRIP = NO;
				GCC_C_LANGUAGE_STANDARD = gnu99;
				GCC_DYNAMIC_NO_PIC = NO;
				GCC_OPTIMIZATION_LEVEL = 0;
				GCC_PREPROCESSOR_DEFINITIONS = (
					"DEBUG=1",
					"$(inherited)",
				);
				GCC_SYMBOLS_PRIVATE_EXTERN = NO;
				GCC_WARN_ABOUT_RETURN_TYPE = YES;
				GCC_WARN_UNINITIALIZED_AUTOS = YES;
				GCC_WARN_UNUSED_VARIABLE = YES;
				IPHONEOS_DEPLOYMENT_TARGET = 6.1;
				ONLY_ACTIVE_ARCH = YES;
				SDKROOT = iphoneos;
			};
			name = Debug;
		};
		DB7CAD8917C3CCCF00E00623 /* Release */ = {
			isa = XCBuildConfiguration;
			buildSettings = {
				ALWAYS_SEARCH_USER_PATHS = NO;
				CLANG_CXX_LANGUAGE_STANDARD = "gnu++0x";
				CLANG_CXX_LIBRARY = "libc++";
				CLANG_ENABLE_OBJC_ARC = YES;
				CLANG_WARN_CONSTANT_CONVERSION = YES;
				CLANG_WARN_EMPTY_BODY = YES;
				CLANG_WARN_ENUM_CONVERSION = YES;
				CLANG_WARN_INT_CONVERSION = YES;
				CLANG_WARN__DUPLICATE_METHOD_MATCH = YES;
				"CODE_SIGN_IDENTITY[sdk=iphoneos*]" = "iPhone Developer";
				COPY_PHASE_STRIP = YES;
				GCC_C_LANGUAGE_STANDARD = gnu99;
				GCC_WARN_ABOUT_RETURN_TYPE = YES;
				GCC_WARN_UNINITIALIZED_AUTOS = YES;
				GCC_WARN_UNUSED_VARIABLE = YES;
				IPHONEOS_DEPLOYMENT_TARGET = 6.1;
				OTHER_CFLAGS = "-DNS_BLOCK_ASSERTIONS=1";
				SDKROOT = iphoneos;
				VALIDATE_PRODUCT = YES;
			};
			name = Release;
		};
		DB7CAD8B17C3CCCF00E00623 /* Debug */ = {
			isa = XCBuildConfiguration;
			buildSettings = {
				GCC_PRECOMPILE_PREFIX_HEADER = YES;
				GCC_PREFIX_HEADER = "TJLButtonView/TJLButtonView-Prefix.pch";
				INFOPLIST_FILE = "TJLButtonView/TJLButtonView-Info.plist";
				PRODUCT_NAME = "$(TARGET_NAME)";
				WRAPPER_EXTENSION = app;
			};
			name = Debug;
		};
		DB7CAD8C17C3CCCF00E00623 /* Release */ = {
			isa = XCBuildConfiguration;
			buildSettings = {
				GCC_PRECOMPILE_PREFIX_HEADER = YES;
				GCC_PREFIX_HEADER = "TJLButtonView/TJLButtonView-Prefix.pch";
				INFOPLIST_FILE = "TJLButtonView/TJLButtonView-Info.plist";
				PRODUCT_NAME = "$(TARGET_NAME)";
				WRAPPER_EXTENSION = app;
			};
			name = Release;
		};
/* End XCBuildConfiguration section */

/* Begin XCConfigurationList section */
		DB7CAD6217C3CCCF00E00623 /* Build configuration list for PBXProject "TJLButtonView" */ = {
			isa = XCConfigurationList;
			buildConfigurations = (
				DB7CAD8817C3CCCF00E00623 /* Debug */,
				DB7CAD8917C3CCCF00E00623 /* Release */,
			);
			defaultConfigurationIsVisible = 0;
			defaultConfigurationName = Release;
		};
		DB7CAD8A17C3CCCF00E00623 /* Build configuration list for PBXNativeTarget "TJLButtonView" */ = {
			isa = XCConfigurationList;
			buildConfigurations = (
				DB7CAD8B17C3CCCF00E00623 /* Debug */,
				DB7CAD8C17C3CCCF00E00623 /* Release */,
			);
			defaultConfigurationIsVisible = 0;
		};
/* End XCConfigurationList section */
	};
	rootObject = DB7CAD5F17C3CCCF00E00623 /* Project object */;
}
